
Microsoft Visual Studio Solution File, Format Version 12.00
# Visual Studio Version 17
VisualStudioVersion = 17.4.33205.214
MinimumVisualStudioVersion = 10.0.40219.1
Project("{FAE04EC0-301F-11D3-BF4B-00C04F79EFBC}") = "PasswordGeneration", "PasswordGeneration.csproj", "{FF69FAEB-BD76-435E-99B1-E161C137ACA5}"
EndProject
Global
	GlobalSection(SolutionConfigurationPlatforms) = preSolution
		Debug|Any CPU = Debug|Any CPU
		Release|Any CPU = Release|Any CPU
	EndGlobalSection
	GlobalSection(ProjectConfigurationPlatforms) = postSolution
		{FF69FAEB-BD76-435E-99B1-E161C137ACA5}.Debug|Any CPU.ActiveCfg = Debug|Any CPU
		{FF69FAEB-BD76-435E-99B1-E161C137ACA5}.Debug|Any CPU.Build.0 = Debug|Any CPU
		{FF69FAEB-BD76-435E-99B1-E161C137ACA5}.Release|Any CPU.ActiveCfg = Release|Any CPU
		{FF69FAEB-BD76-435E-99B1-E161C137ACA5}.Release|Any CPU.Build.0 = Release|Any CPU
	EndGlobalSection
	GlobalSection(SolutionProperties) = preSolution
		HideSolutionNode = FALSE
	EndGlobalSection
	GlobalSection(ExtensibilityGlobals) = postSolution
		SolutionGuid = {DFBE58DF-EE87-485A-9362-68788208010A}
	EndGlobalSection
EndGlobal
